{
  "requires": true,
  "lockfileVersion": 1,
  "dependencies": {
    "cannon": {
      "version": "0.6.2",
      "resolved": "https://registry.npmjs.org/cannon/-/cannon-0.6.2.tgz",
      "integrity": "sha512-n/7wWSXr8KOSvjad2x0fJHgpMepKjOKi+NdSnjfYyijoDBZnp4JQKgPcpv28jlXoWM+N9zVYU09J0A6Qxx+Y7w=="
    },
    "three": {
      "version": "0.148.0",
      "resolved": "https://registry.npmjs.org/three/-/three-0.148.0.tgz",
      "integrity": "sha512-8uzVV+qhTPi0bOFs/3te3RW6hb3urL8jYEl6irjCWo/l6sr8MPNMcClFev/MMYeIxr0gmDcoXTy/8LXh/LXkfw=="
    }
  }
}
